// !$*UTF8*$!
{
	archiveVersion = 1;
	classes = {
	};
	objectVersion = 51;
	objects = {

/* Begin PBXBuildFile section */
		064A922594A32AF197D00A7A /* Pods_Instagram_InstagramUITests.framework in Frameworks */ = {isa = PBXBuildFile; fileRef = 61484E7BB1F21BF29935105F /* Pods_Instagram_InstagramUITests.framework */; };
		433E61B724B64FDF00FC68F4 /* User.m in Sources */ = {isa = PBXBuildFile; fileRef = 433E61B624B64FDF00FC68F4 /* User.m */; };
		433E61BA24B6529000FC68F4 /* EditProfileViewController.m in Sources */ = {isa = PBXBuildFile; fileRef = 433E61B924B6529000FC68F4 /* EditProfileViewController.m */; };
		4341C35624B101ED000932F0 /* AppDelegate.m in Sources */ = {isa = PBXBuildFile; fileRef = 4341C35524B101ED000932F0 /* AppDelegate.m */; };
		4341C35F24B101ED000932F0 /* Main.storyboard in Resources */ = {isa = PBXBuildFile; fileRef = 4341C35D24B101ED000932F0 /* Main.storyboard */; };
		4341C36124B101EE000932F0 /* Assets.xcassets in Resources */ = {isa = PBXBuildFile; fileRef = 4341C36024B101EE000932F0 /* Assets.xcassets */; };
		4341C36424B101EE000932F0 /* LaunchScreen.storyboard in Resources */ = {isa = PBXBuildFile; fileRef = 4341C36224B101EE000932F0 /* LaunchScreen.storyboard */; };
		4341C36724B101EE000932F0 /* main.m in Sources */ = {isa = PBXBuildFile; fileRef = 4341C36624B101EE000932F0 /* main.m */; };
		4341C37124B101EE000932F0 /* InstagramTests.m in Sources */ = {isa = PBXBuildFile; fileRef = 4341C37024B101EE000932F0 /* InstagramTests.m */; };
		4341C37C24B101EE000932F0 /* InstagramUITests.m in Sources */ = {isa = PBXBuildFile; fileRef = 4341C37B24B101EE000932F0 /* InstagramUITests.m */; };
		43DAA1EA24B125DE007D9874 /* SignUpViewController.m in Sources */ = {isa = PBXBuildFile; fileRef = 43DAA1E924B125DE007D9874 /* SignUpViewController.m */; };
		43DAA1ED24B12B47007D9874 /* LoginViewController.m in Sources */ = {isa = PBXBuildFile; fileRef = 43DAA1EC24B12B47007D9874 /* LoginViewController.m */; };
		43DAA1F024B13AC2007D9874 /* HomeViewController.m in Sources */ = {isa = PBXBuildFile; fileRef = 43DAA1EF24B13AC2007D9874 /* HomeViewController.m */; };
		43DAA1F324B13EDF007D9874 /* SceneDelegate.m in Sources */ = {isa = PBXBuildFile; fileRef = 43DAA1F224B13EDF007D9874 /* SceneDelegate.m */; };
		43DAA1F624B28226007D9874 /* CameraViewController.m in Sources */ = {isa = PBXBuildFile; fileRef = 43DAA1F524B28226007D9874 /* CameraViewController.m */; };
		43DAA28724B3C095007D9874 /* Post.m in Sources */ = {isa = PBXBuildFile; fileRef = 43DAA28624B3C095007D9874 /* Post.m */; };
		43DAA28A24B3D20D007D9874 /* HomeCell.m in Sources */ = {isa = PBXBuildFile; fileRef = 43DAA28924B3D20D007D9874 /* HomeCell.m */; };
		43DAA29024B510AC007D9874 /* DetailsViewController.m in Sources */ = {isa = PBXBuildFile; fileRef = 43DAA28F24B510AC007D9874 /* DetailsViewController.m */; };
		43DAA29324B56FBE007D9874 /* ProfileViewController.m in Sources */ = {isa = PBXBuildFile; fileRef = 43DAA29224B56FBE007D9874 /* ProfileViewController.m */; };
		5A128EC08FE6B1ADF9318494 /* Pods_Instagram.framework in Frameworks */ = {isa = PBXBuildFile; fileRef = 0DD8D8C0447F8FBE6B40BFA0 /* Pods_Instagram.framework */; };
		FDC9FDBA255AA3CC478B4B04 /* Pods_InstagramTests.framework in Frameworks */ = {isa = PBXBuildFile; fileRef = F3708CBE6FDBDB4E3849C0E4 /* Pods_InstagramTests.framework */; };
/* End PBXBuildFile section */

/* Begin PBXContainerItemProxy section */
		4341C36D24B101EE000932F0 /* PBXContainerItemProxy */ = {
			isa = PBXContainerItemProxy;
			containerPortal = 4341C34924B101ED000932F0 /* Project object */;
			proxyType = 1;
			remoteGlobalIDString = 4341C35024B101ED000932F0;
			remoteInfo = Instagram;
		};
		4341C37824B101EE000932F0 /* PBXContainerItemProxy */ = {
			isa = PBXContainerItemProxy;
			containerPortal = 4341C34924B101ED000932F0 /* Project object */;
			proxyType = 1;
			remoteGlobalIDString = 4341C35024B101ED000932F0;
			remoteInfo = Instagram;
		};
/* End PBXContainerItemProxy section */

/* Begin PBXFileReference section */
		0DD8D8C0447F8FBE6B40BFA0 /* Pods_Instagram.framework */ = {isa = PBXFileReference; explicitFileType = wrapper.framework; includeInIndex = 0; path = Pods_Instagram.framework; sourceTree = BUILT_PRODUCTS_DIR; };
		433E61B524B64FDF00FC68F4 /* User.h */ = {isa = PBXFileReference; lastKnownFileType = sourcecode.c.h; path = User.h; sourceTree = "<group>"; };
		433E61B624B64FDF00FC68F4 /* User.m */ = {isa = PBXFileReference; lastKnownFileType = sourcecode.c.objc; path = User.m; sourceTree = "<group>"; };
		433E61B824B6529000FC68F4 /* EditProfileViewController.h */ = {isa = PBXFileReference; lastKnownFileType = sourcecode.c.h; path = EditProfileViewController.h; sourceTree = "<group>"; };
		433E61B924B6529000FC68F4 /* EditProfileViewController.m */ = {isa = PBXFileReference; lastKnownFileType = sourcecode.c.objc; path = EditProfileViewController.m; sourceTree = "<group>"; };
		4341C35124B101ED000932F0 /* Instagram.app */ = {isa = PBXFileReference; explicitFileType = wrapper.application; includeInIndex = 0; path = Instagram.app; sourceTree = BUILT_PRODUCTS_DIR; };
		4341C35424B101ED000932F0 /* AppDelegate.h */ = {isa = PBXFileReference; lastKnownFileType = sourcecode.c.h; path = AppDelegate.h; sourceTree = "<group>"; };
		4341C35524B101ED000932F0 /* AppDelegate.m */ = {isa = PBXFileReference; lastKnownFileType = sourcecode.c.objc; path = AppDelegate.m; sourceTree = "<group>"; };
		4341C35E24B101ED000932F0 /* Base */ = {isa = PBXFileReference; lastKnownFileType = file.storyboard; name = Base; path = Base.lproj/Main.storyboard; sourceTree = "<group>"; };
		4341C36024B101EE000932F0 /* Assets.xcassets */ = {isa = PBXFileReference; lastKnownFileType = folder.assetcatalog; path = Assets.xcassets; sourceTree = "<group>"; };
		4341C36324B101EE000932F0 /* Base */ = {isa = PBXFileReference; lastKnownFileType = file.storyboard; name = Base; path = Base.lproj/LaunchScreen.storyboard; sourceTree = "<group>"; };
		4341C36524B101EE000932F0 /* Info.plist */ = {isa = PBXFileReference; lastKnownFileType = text.plist.xml; path = Info.plist; sourceTree = "<group>"; };
		4341C36624B101EE000932F0 /* main.m */ = {isa = PBXFileReference; lastKnownFileType = sourcecode.c.objc; path = main.m; sourceTree = "<group>"; };
		4341C36C24B101EE000932F0 /* InstagramTests.xctest */ = {isa = PBXFileReference; explicitFileType = wrapper.cfbundle; includeInIndex = 0; path = InstagramTests.xctest; sourceTree = BUILT_PRODUCTS_DIR; };
		4341C37024B101EE000932F0 /* InstagramTests.m */ = {isa = PBXFileReference; lastKnownFileType = sourcecode.c.objc; path = InstagramTests.m; sourceTree = "<group>"; };
		4341C37224B101EE000932F0 /* Info.plist */ = {isa = PBXFileReference; lastKnownFileType = text.plist.xml; path = Info.plist; sourceTree = "<group>"; };
		4341C37724B101EE000932F0 /* InstagramUITests.xctest */ = {isa = PBXFileReference; explicitFileType = wrapper.cfbundle; includeInIndex = 0; path = InstagramUITests.xctest; sourceTree = BUILT_PRODUCTS_DIR; };
		4341C37B24B101EE000932F0 /* InstagramUITests.m */ = {isa = PBXFileReference; lastKnownFileType = sourcecode.c.objc; path = InstagramUITests.m; sourceTree = "<group>"; };
		4341C37D24B101EE000932F0 /* Info.plist */ = {isa = PBXFileReference; lastKnownFileType = text.plist.xml; path = Info.plist; sourceTree = "<group>"; };
		43DAA1E824B125DE007D9874 /* SignUpViewController.h */ = {isa = PBXFileReference; lastKnownFileType = sourcecode.c.h; path = SignUpViewController.h; sourceTree = "<group>"; };
		43DAA1E924B125DE007D9874 /* SignUpViewController.m */ = {isa = PBXFileReference; lastKnownFileType = sourcecode.c.objc; path = SignUpViewController.m; sourceTree = "<group>"; };
		43DAA1EB24B12B47007D9874 /* LoginViewController.h */ = {isa = PBXFileReference; lastKnownFileType = sourcecode.c.h; path = LoginViewController.h; sourceTree = "<group>"; };
		43DAA1EC24B12B47007D9874 /* LoginViewController.m */ = {isa = PBXFileReference; lastKnownFileType = sourcecode.c.objc; path = LoginViewController.m; sourceTree = "<group>"; };
		43DAA1EE24B13AC2007D9874 /* HomeViewController.h */ = {isa = PBXFileReference; lastKnownFileType = sourcecode.c.h; path = HomeViewController.h; sourceTree = "<group>"; };
		43DAA1EF24B13AC2007D9874 /* HomeViewController.m */ = {isa = PBXFileReference; lastKnownFileType = sourcecode.c.objc; path = HomeViewController.m; sourceTree = "<group>"; };
		43DAA1F124B13ED6007D9874 /* SceneDelegate.h */ = {isa = PBXFileReference; lastKnownFileType = sourcecode.c.h; path = SceneDelegate.h; sourceTree = "<group>"; };
		43DAA1F224B13EDF007D9874 /* SceneDelegate.m */ = {isa = PBXFileReference; fileEncoding = 4; lastKnownFileType = sourcecode.c.objc; path = SceneDelegate.m; sourceTree = "<group>"; };
		43DAA1F424B28226007D9874 /* CameraViewController.h */ = {isa = PBXFileReference; lastKnownFileType = sourcecode.c.h; path = CameraViewController.h; sourceTree = "<group>"; };
		43DAA1F524B28226007D9874 /* CameraViewController.m */ = {isa = PBXFileReference; lastKnownFileType = sourcecode.c.objc; path = CameraViewController.m; sourceTree = "<group>"; };
		43DAA28524B3C095007D9874 /* Post.h */ = {isa = PBXFileReference; lastKnownFileType = sourcecode.c.h; path = Post.h; sourceTree = "<group>"; };
		43DAA28624B3C095007D9874 /* Post.m */ = {isa = PBXFileReference; lastKnownFileType = sourcecode.c.objc; path = Post.m; sourceTree = "<group>"; };
		43DAA28824B3D20D007D9874 /* HomeCell.h */ = {isa = PBXFileReference; lastKnownFileType = sourcecode.c.h; path = HomeCell.h; sourceTree = "<group>"; };
		43DAA28924B3D20D007D9874 /* HomeCell.m */ = {isa = PBXFileReference; lastKnownFileType = sourcecode.c.objc; path = HomeCell.m; sourceTree = "<group>"; };
		43DAA28E24B510AC007D9874 /* DetailsViewController.h */ = {isa = PBXFileReference; lastKnownFileType = sourcecode.c.h; path = DetailsViewController.h; sourceTree = "<group>"; };
		43DAA28F24B510AC007D9874 /* DetailsViewController.m */ = {isa = PBXFileReference; lastKnownFileType = sourcecode.c.objc; path = DetailsViewController.m; sourceTree = "<group>"; };
		43DAA29124B56FBE007D9874 /* ProfileViewController.h */ = {isa = PBXFileReference; lastKnownFileType = sourcecode.c.h; path = ProfileViewController.h; sourceTree = "<group>"; };
		43DAA29224B56FBE007D9874 /* ProfileViewController.m */ = {isa = PBXFileReference; lastKnownFileType = sourcecode.c.objc; path = ProfileViewController.m; sourceTree = "<group>"; };
		61484E7BB1F21BF29935105F /* Pods_Instagram_InstagramUITests.framework */ = {isa = PBXFileReference; explicitFileType = wrapper.framework; includeInIndex = 0; path = Pods_Instagram_InstagramUITests.framework; sourceTree = BUILT_PRODUCTS_DIR; };
		8125DF7692CC7C62680821CA /* Pods-Instagram-InstagramUITests.debug.xcconfig */ = {isa = PBXFileReference; includeInIndex = 1; lastKnownFileType = text.xcconfig; name = "Pods-Instagram-InstagramUITests.debug.xcconfig"; path = "Target Support Files/Pods-Instagram-InstagramUITests/Pods-Instagram-InstagramUITests.debug.xcconfig"; sourceTree = "<group>"; };
		83D1A7BBF8EB5DFF59CF59B5 /* Pods-Instagram.debug.xcconfig */ = {isa = PBXFileReference; includeInIndex = 1; lastKnownFileType = text.xcconfig; name = "Pods-Instagram.debug.xcconfig"; path = "Target Support Files/Pods-Instagram/Pods-Instagram.debug.xcconfig"; sourceTree = "<group>"; };
		A38560C53D3F8A0270EB59D3 /* Pods-InstagramTests.release.xcconfig */ = {isa = PBXFileReference; includeInIndex = 1; lastKnownFileType = text.xcconfig; name = "Pods-InstagramTests.release.xcconfig"; path = "Target Support Files/Pods-InstagramTests/Pods-InstagramTests.release.xcconfig"; sourceTree = "<group>"; };
		C9A08A96AED4ED3C2D0764D7 /* Pods-InstagramTests.debug.xcconfig */ = {isa = PBXFileReference; includeInIndex = 1; lastKnownFileType = text.xcconfig; name = "Pods-InstagramTests.debug.xcconfig"; path = "Target Support Files/Pods-InstagramTests/Pods-InstagramTests.debug.xcconfig"; sourceTree = "<group>"; };
		E3DB04BAC3D8903CCB827477 /* Pods-Instagram-InstagramUITests.release.xcconfig */ = {isa = PBXFileReference; includeInIndex = 1; lastKnownFileType = text.xcconfig; name = "Pods-Instagram-InstagramUITests.release.xcconfig"; path = "Target Support Files/Pods-Instagram-InstagramUITests/Pods-Instagram-InstagramUITests.release.xcconfig"; sourceTree = "<group>"; };
		F3708CBE6FDBDB4E3849C0E4 /* Pods_InstagramTests.framework */ = {isa = PBXFileReference; explicitFileType = wrapper.framework; includeInIndex = 0; path = Pods_InstagramTests.framework; sourceTree = BUILT_PRODUCTS_DIR; };
		F6752A8C9ECE5B705B11B022 /* Pods-Instagram.release.xcconfig */ = {isa = PBXFileReference; includeInIndex = 1; lastKnownFileType = text.xcconfig; name = "Pods-Instagram.release.xcconfig"; path = "Target Support Files/Pods-Instagram/Pods-Instagram.release.xcconfig"; sourceTree = "<group>"; };
/* End PBXFileReference section */

/* Begin PBXFrameworksBuildPhase section */
		4341C34E24B101ED000932F0 /* Frameworks */ = {
			isa = PBXFrameworksBuildPhase;
			buildActionMask = 2147483647;
			files = (
				5A128EC08FE6B1ADF9318494 /* Pods_Instagram.framework in Frameworks */,
			);
			runOnlyForDeploymentPostprocessing = 0;
		};
		4341C36924B101EE000932F0 /* Frameworks */ = {
			isa = PBXFrameworksBuildPhase;
			buildActionMask = 2147483647;
			files = (
				FDC9FDBA255AA3CC478B4B04 /* Pods_InstagramTests.framework in Frameworks */,
			);
			runOnlyForDeploymentPostprocessing = 0;
		};
		4341C37424B101EE000932F0 /* Frameworks */ = {
			isa = PBXFrameworksBuildPhase;
			buildActionMask = 2147483647;
			files = (
				064A922594A32AF197D00A7A /* Pods_Instagram_InstagramUITests.framework in Frameworks */,
			);
			runOnlyForDeploymentPostprocessing = 0;
		};
/* End PBXFrameworksBuildPhase section */

/* Begin PBXGroup section */
		35868AB390842069EFCAAF75 /* Frameworks */ = {
			isa = PBXGroup;
			children = (
				0DD8D8C0447F8FBE6B40BFA0 /* Pods_Instagram.framework */,
				61484E7BB1F21BF29935105F /* Pods_Instagram_InstagramUITests.framework */,
				F3708CBE6FDBDB4E3849C0E4 /* Pods_InstagramTests.framework */,
			);
			name = Frameworks;
			sourceTree = "<group>";
		};
		4341C34824B101ED000932F0 = {
			isa = PBXGroup;
			children = (
				4341C35324B101ED000932F0 /* Instagram */,
				4341C36F24B101EE000932F0 /* InstagramTests */,
				4341C37A24B101EE000932F0 /* InstagramUITests */,
				4341C35224B101ED000932F0 /* Products */,
				9078AECDB766C383EF6CF9F2 /* Pods */,
				35868AB390842069EFCAAF75 /* Frameworks */,
			);
			sourceTree = "<group>";
		};
		4341C35224B101ED000932F0 /* Products */ = {
			isa = PBXGroup;
			children = (
				4341C35124B101ED000932F0 /* Instagram.app */,
				4341C36C24B101EE000932F0 /* InstagramTests.xctest */,
				4341C37724B101EE000932F0 /* InstagramUITests.xctest */,
			);
			name = Products;
			sourceTree = "<group>";
		};
		4341C35324B101ED000932F0 /* Instagram */ = {
			isa = PBXGroup;
			children = (
				43DAA28424B3C029007D9874 /* Models */,
				43DAA1E724B125C3007D9874 /* Views */,
				43DAA1E624B125B4007D9874 /* View Controllers */,
				4341C35424B101ED000932F0 /* AppDelegate.h */,
				4341C35524B101ED000932F0 /* AppDelegate.m */,
				43DAA1F124B13ED6007D9874 /* SceneDelegate.h */,
				43DAA1F224B13EDF007D9874 /* SceneDelegate.m */,
				4341C35D24B101ED000932F0 /* Main.storyboard */,
				4341C36024B101EE000932F0 /* Assets.xcassets */,
				4341C36224B101EE000932F0 /* LaunchScreen.storyboard */,
				4341C36524B101EE000932F0 /* Info.plist */,
				4341C36624B101EE000932F0 /* main.m */,
			);
			path = Instagram;
			sourceTree = "<group>";
		};
		4341C36F24B101EE000932F0 /* InstagramTests */ = {
			isa = PBXGroup;
			children = (
				4341C37024B101EE000932F0 /* InstagramTests.m */,
				4341C37224B101EE000932F0 /* Info.plist */,
			);
			path = InstagramTests;
			sourceTree = "<group>";
		};
		4341C37A24B101EE000932F0 /* InstagramUITests */ = {
			isa = PBXGroup;
			children = (
				4341C37B24B101EE000932F0 /* InstagramUITests.m */,
				4341C37D24B101EE000932F0 /* Info.plist */,
			);
			path = InstagramUITests;
			sourceTree = "<group>";
		};
		43DAA1E624B125B4007D9874 /* View Controllers */ = {
			isa = PBXGroup;
			children = (
				43DAA1E824B125DE007D9874 /* SignUpViewController.h */,
				43DAA1E924B125DE007D9874 /* SignUpViewController.m */,
				43DAA1EB24B12B47007D9874 /* LoginViewController.h */,
				43DAA1EC24B12B47007D9874 /* LoginViewController.m */,
				43DAA1EE24B13AC2007D9874 /* HomeViewController.h */,
				43DAA1EF24B13AC2007D9874 /* HomeViewController.m */,
				43DAA1F424B28226007D9874 /* CameraViewController.h */,
				43DAA1F524B28226007D9874 /* CameraViewController.m */,
				43DAA28E24B510AC007D9874 /* DetailsViewController.h */,
				43DAA28F24B510AC007D9874 /* DetailsViewController.m */,
				43DAA29124B56FBE007D9874 /* ProfileViewController.h */,
				43DAA29224B56FBE007D9874 /* ProfileViewController.m */,
				433E61B824B6529000FC68F4 /* EditProfileViewController.h */,
				433E61B924B6529000FC68F4 /* EditProfileViewController.m */,
			);
			path = "View Controllers";
			sourceTree = "<group>";
		};
		43DAA1E724B125C3007D9874 /* Views */ = {
			isa = PBXGroup;
			children = (
				43DAA28824B3D20D007D9874 /* HomeCell.h */,
				43DAA28924B3D20D007D9874 /* HomeCell.m */,
			);
			path = Views;
			sourceTree = "<group>";
		};
		43DAA28424B3C029007D9874 /* Models */ = {
			isa = PBXGroup;
			children = (
				43DAA28524B3C095007D9874 /* Post.h */,
				43DAA28624B3C095007D9874 /* Post.m */,
				433E61B524B64FDF00FC68F4 /* User.h */,
				433E61B624B64FDF00FC68F4 /* User.m */,
			);
			path = Models;
			sourceTree = "<group>";
		};
		9078AECDB766C383EF6CF9F2 /* Pods */ = {
			isa = PBXGroup;
			children = (
				83D1A7BBF8EB5DFF59CF59B5 /* Pods-Instagram.debug.xcconfig */,
				F6752A8C9ECE5B705B11B022 /* Pods-Instagram.release.xcconfig */,
				8125DF7692CC7C62680821CA /* Pods-Instagram-InstagramUITests.debug.xcconfig */,
				E3DB04BAC3D8903CCB827477 /* Pods-Instagram-InstagramUITests.release.xcconfig */,
				C9A08A96AED4ED3C2D0764D7 /* Pods-InstagramTests.debug.xcconfig */,
				A38560C53D3F8A0270EB59D3 /* Pods-InstagramTests.release.xcconfig */,
			);
			path = Pods;
			sourceTree = "<group>";
		};
/* End PBXGroup section */

/* Begin PBXNativeTarget section */
		4341C35024B101ED000932F0 /* Instagram */ = {
			isa = PBXNativeTarget;
			buildConfigurationList = 4341C38024B101EE000932F0 /* Build configuration list for PBXNativeTarget "Instagram" */;
			buildPhases = (
				5729B51EFE21D17DFB6501CB /* [CP] Check Pods Manifest.lock */,
				4341C34D24B101ED000932F0 /* Sources */,
				4341C34E24B101ED000932F0 /* Frameworks */,
				4341C34F24B101ED000932F0 /* Resources */,
				C91F0A27AC1F2B13110A967B /* [CP] Embed Pods Frameworks */,
			);
			buildRules = (
			);
			dependencies = (
			);
			name = Instagram;
			productName = Instagram;
			productReference = 4341C35124B101ED000932F0 /* Instagram.app */;
			productType = "com.apple.product-type.application";
		};
		4341C36B24B101EE000932F0 /* InstagramTests */ = {
			isa = PBXNativeTarget;
			buildConfigurationList = 4341C38324B101EE000932F0 /* Build configuration list for PBXNativeTarget "InstagramTests" */;
			buildPhases = (
				FBA9B7EC57EBD2DF74BF0C5B /* [CP] Check Pods Manifest.lock */,
				4341C36824B101EE000932F0 /* Sources */,
				4341C36924B101EE000932F0 /* Frameworks */,
				4341C36A24B101EE000932F0 /* Resources */,
			);
			buildRules = (
			);
			dependencies = (
				4341C36E24B101EE000932F0 /* PBXTargetDependency */,
			);
			name = InstagramTests;
			productName = InstagramTests;
			productReference = 4341C36C24B101EE000932F0 /* InstagramTests.xctest */;
			productType = "com.apple.product-type.bundle.unit-test";
		};
		4341C37624B101EE000932F0 /* InstagramUITests */ = {
			isa = PBXNativeTarget;
			buildConfigurationList = 4341C38624B101EE000932F0 /* Build configuration list for PBXNativeTarget "InstagramUITests" */;
			buildPhases = (
				2255E3D920063C0834A7897C /* [CP] Check Pods Manifest.lock */,
				4341C37324B101EE000932F0 /* Sources */,
				4341C37424B101EE000932F0 /* Frameworks */,
				4341C37524B101EE000932F0 /* Resources */,
				6B7846700E4CBA5032827F71 /* [CP] Embed Pods Frameworks */,
			);
			buildRules = (
			);
			dependencies = (
				4341C37924B101EE000932F0 /* PBXTargetDependency */,
			);
			name = InstagramUITests;
			productName = InstagramUITests;
			productReference = 4341C37724B101EE000932F0 /* InstagramUITests.xctest */;
			productType = "com.apple.product-type.bundle.ui-testing";
		};
/* End PBXNativeTarget section */

/* Begin PBXProject section */
		4341C34924B101ED000932F0 /* Project object */ = {
			isa = PBXProject;
			attributes = {
				LastUpgradeCheck = 1150;
				ORGANIZATIONNAME = "Ogo-Oluwasobomi Popoola";
				TargetAttributes = {
					4341C35024B101ED000932F0 = {
						CreatedOnToolsVersion = 11.5;
					};
					4341C36B24B101EE000932F0 = {
						CreatedOnToolsVersion = 11.5;
						TestTargetID = 4341C35024B101ED000932F0;
					};
					4341C37624B101EE000932F0 = {
						CreatedOnToolsVersion = 11.5;
						TestTargetID = 4341C35024B101ED000932F0;
					};
				};
			};
			buildConfigurationList = 4341C34C24B101ED000932F0 /* Build configuration list for PBXProject "Instagram" */;
			compatibilityVersion = "Xcode 9.3";
			developmentRegion = en;
			hasScannedForEncodings = 0;
			knownRegions = (
				en,
				Base,
			);
			mainGroup = 4341C34824B101ED000932F0;
			productRefGroup = 4341C35224B101ED000932F0 /* Products */;
			projectDirPath = "";
			projectRoot = "";
			targets = (
				4341C35024B101ED000932F0 /* Instagram */,
				4341C36B24B101EE000932F0 /* InstagramTests */,
				4341C37624B101EE000932F0 /* InstagramUITests */,
			);
		};
/* End PBXProject section */

/* Begin PBXResourcesBuildPhase section */
		4341C34F24B101ED000932F0 /* Resources */ = {
			isa = PBXResourcesBuildPhase;
			buildActionMask = 2147483647;
			files = (
				4341C36424B101EE000932F0 /* LaunchScreen.storyboard in Resources */,
				4341C36124B101EE000932F0 /* Assets.xcassets in Resources */,
				4341C35F24B101ED000932F0 /* Main.storyboard in Resources */,
			);
			runOnlyForDeploymentPostprocessing = 0;
		};
		4341C36A24B101EE000932F0 /* Resources */ = {
			isa = PBXResourcesBuildPhase;
			buildActionMask = 2147483647;
			files = (
			);
			runOnlyForDeploymentPostprocessing = 0;
		};
		4341C37524B101EE000932F0 /* Resources */ = {
			isa = PBXResourcesBuildPhase;
			buildActionMask = 2147483647;
			files = (
			);
			runOnlyForDeploymentPostprocessing = 0;
		};
/* End PBXResourcesBuildPhase section */

/* Begin PBXShellScriptBuildPhase section */
		2255E3D920063C0834A7897C /* [CP] Check Pods Manifest.lock */ = {
			isa = PBXShellScriptBuildPhase;
			buildActionMask = 2147483647;
			files = (
			);
			inputFileListPaths = (
			);
			inputPaths = (
				"${PODS_PODFILE_DIR_PATH}/Podfile.lock",
				"${PODS_ROOT}/Manifest.lock",
			);
			name = "[CP] Check Pods Manifest.lock";
			outputFileListPaths = (
			);
			outputPaths = (
				"$(DERIVED_FILE_DIR)/Pods-Instagram-InstagramUITests-checkManifestLockResult.txt",
			);
			runOnlyForDeploymentPostprocessing = 0;
			shellPath = /bin/sh;
			shellScript = "diff \"${PODS_PODFILE_DIR_PATH}/Podfile.lock\" \"${PODS_ROOT}/Manifest.lock\" > /dev/null\nif [ $? != 0 ] ; then\n    # print error to STDERR\n    echo \"error: The sandbox is not in sync with the Podfile.lock. Run 'pod install' or update your CocoaPods installation.\" >&2\n    exit 1\nfi\n# This output is used by Xcode 'outputs' to avoid re-running this script phase.\necho \"SUCCESS\" > \"${SCRIPT_OUTPUT_FILE_0}\"\n";
			showEnvVarsInLog = 0;
		};
		5729B51EFE21D17DFB6501CB /* [CP] Check Pods Manifest.lock */ = {
			isa = PBXShellScriptBuildPhase;
			buildActionMask = 2147483647;
			files = (
			);
			inputFileListPaths = (
			);
			inputPaths = (
				"${PODS_PODFILE_DIR_PATH}/Podfile.lock",
				"${PODS_ROOT}/Manifest.lock",
			);
			name = "[CP] Check Pods Manifest.lock";
			outputFileListPaths = (
			);
			outputPaths = (
				"$(DERIVED_FILE_DIR)/Pods-Instagram-checkManifestLockResult.txt",
			);
			runOnlyForDeploymentPostprocessing = 0;
			shellPath = /bin/sh;
			shellScript = "diff \"${PODS_PODFILE_DIR_PATH}/Podfile.lock\" \"${PODS_ROOT}/Manifest.lock\" > /dev/null\nif [ $? != 0 ] ; then\n    # print error to STDERR\n    echo \"error: The sandbox is not in sync with the Podfile.lock. Run 'pod install' or update your CocoaPods installation.\" >&2\n    exit 1\nfi\n# This output is used by Xcode 'outputs' to avoid re-running this script phase.\necho \"SUCCESS\" > \"${SCRIPT_OUTPUT_FILE_0}\"\n";
			showEnvVarsInLog = 0;
		};
		6B7846700E4CBA5032827F71 /* [CP] Embed Pods Frameworks */ = {
			isa = PBXShellScriptBuildPhase;
			buildActionMask = 2147483647;
			files = (
			);
			inputFileListPaths = (
				"${PODS_ROOT}/Target Support Files/Pods-Instagram-InstagramUITests/Pods-Instagram-InstagramUITests-frameworks-${CONFIGURATION}-input-files.xcfilelist",
			);
			name = "[CP] Embed Pods Frameworks";
			outputFileListPaths = (
				"${PODS_ROOT}/Target Support Files/Pods-Instagram-InstagramUITests/Pods-Instagram-InstagramUITests-frameworks-${CONFIGURATION}-output-files.xcfilelist",
			);
			runOnlyForDeploymentPostprocessing = 0;
			shellPath = /bin/sh;
			shellScript = "\"${PODS_ROOT}/Target Support Files/Pods-Instagram-InstagramUITests/Pods-Instagram-InstagramUITests-frameworks.sh\"\n";
			showEnvVarsInLog = 0;
		};
		C91F0A27AC1F2B13110A967B /* [CP] Embed Pods Frameworks */ = {
			isa = PBXShellScriptBuildPhase;
			buildActionMask = 2147483647;
			files = (
			);
			inputFileListPaths = (
				"${PODS_ROOT}/Target Support Files/Pods-Instagram/Pods-Instagram-frameworks-${CONFIGURATION}-input-files.xcfilelist",
			);
			name = "[CP] Embed Pods Frameworks";
			outputFileListPaths = (
				"${PODS_ROOT}/Target Support Files/Pods-Instagram/Pods-Instagram-frameworks-${CONFIGURATION}-output-files.xcfilelist",
			);
			runOnlyForDeploymentPostprocessing = 0;
			shellPath = /bin/sh;
			shellScript = "\"${PODS_ROOT}/Target Support Files/Pods-Instagram/Pods-Instagram-frameworks.sh\"\n";
			showEnvVarsInLog = 0;
		};
		FBA9B7EC57EBD2DF74BF0C5B /* [CP] Check Pods Manifest.lock */ = {
			isa = PBXShellScriptBuildPhase;
			buildActionMask = 2147483647;
			files = (
			);
			inputFileListPaths = (
			);
			inputPaths = (
				"${PODS_PODFILE_DIR_PATH}/Podfile.lock",
				"${PODS_ROOT}/Manifest.lock",
			);
			name = "[CP] Check Pods Manifest.lock";
			outputFileListPaths = (
			);
			outputPaths = (
				"$(DERIVED_FILE_DIR)/Pods-InstagramTests-checkManifestLockResult.txt",
			);
			runOnlyForDeploymentPostprocessing = 0;
			shellPath = /bin/sh;
			shellScript = "diff \"${PODS_PODFILE_DIR_PATH}/Podfile.lock\" \"${PODS_ROOT}/Manifest.lock\" > /dev/null\nif [ $? != 0 ] ; then\n    # print error to STDERR\n    echo \"error: The sandbox is not in sync with the Podfile.lock. Run 'pod install' or update your CocoaPods installation.\" >&2\n    exit 1\nfi\n# This output is used by Xcode 'outputs' to avoid re-running this script phase.\necho \"SUCCESS\" > \"${SCRIPT_OUTPUT_FILE_0}\"\n";
			showEnvVarsInLog = 0;
		};
/* End PBXShellScriptBuildPhase section */

/* Begin PBXSourcesBuildPhase section */
		4341C34D24B101ED000932F0 /* Sources */ = {
			isa = PBXSourcesBuildPhase;
			buildActionMask = 2147483647;
			files = (
				43DAA1EA24B125DE007D9874 /* SignUpViewController.m in Sources */,
				43DAA29024B510AC007D9874 /* DetailsViewController.m in Sources */,
				43DAA1F324B13EDF007D9874 /* SceneDelegate.m in Sources */,
				4341C35624B101ED000932F0 /* AppDelegate.m in Sources */,
				43DAA28A24B3D20D007D9874 /* HomeCell.m in Sources */,
				4341C36724B101EE000932F0 /* main.m in Sources */,
				43DAA1F024B13AC2007D9874 /* HomeViewController.m in Sources */,
				43DAA1F624B28226007D9874 /* CameraViewController.m in Sources */,
				433E61BA24B6529000FC68F4 /* EditProfileViewController.m in Sources */,
				433E61B724B64FDF00FC68F4 /* User.m in Sources */,
				43DAA29324B56FBE007D9874 /* ProfileViewController.m in Sources */,
				43DAA1ED24B12B47007D9874 /* LoginViewController.m in Sources */,
				43DAA28724B3C095007D9874 /* Post.m in Sources */,
			);
			runOnlyForDeploymentPostprocessing = 0;
		};
		4341C36824B101EE000932F0 /* Sources */ = {
			isa = PBXSourcesBuildPhase;
			buildActionMask = 2147483647;
			files = (
				4341C37124B101EE000932F0 /* InstagramTests.m in Sources */,
			);
			runOnlyForDeploymentPostprocessing = 0;
		};
		4341C37324B101EE000932F0 /* Sources */ = {
			isa = PBXSourcesBuildPhase;
			buildActionMask = 2147483647;
			files = (
				4341C37C24B101EE000932F0 /* InstagramUITests.m in Sources */,
			);
			runOnlyForDeploymentPostprocessing = 0;
		};
/* End PBXSourcesBuildPhase section */

/* Begin PBXTargetDependency section */
		4341C36E24B101EE000932F0 /* PBXTargetDependency */ = {
			isa = PBXTargetDependency;
			target = 4341C35024B101ED000932F0 /* Instagram */;
			targetProxy = 4341C36D24B101EE000932F0 /* PBXContainerItemProxy */;
		};
		4341C37924B101EE000932F0 /* PBXTargetDependency */ = {
			isa = PBXTargetDependency;
			target = 4341C35024B101ED000932F0 /* Instagram */;
			targetProxy = 4341C37824B101EE000932F0 /* PBXContainerItemProxy */;
		};
/* End PBXTargetDependency section */

/* Begin PBXVariantGroup section */
		4341C35D24B101ED000932F0 /* Main.storyboard */ = {
			isa = PBXVariantGroup;
			children = (
				4341C35E24B101ED000932F0 /* Base */,
			);
			name = Main.storyboard;
			sourceTree = "<group>";
		};
		4341C36224B101EE000932F0 /* LaunchScreen.storyboard */ = {
			isa = PBXVariantGroup;
			children = (
				4341C36324B101EE000932F0 /* Base */,
			);
			name = LaunchScreen.storyboard;
			sourceTree = "<group>";
		};
/* End PBXVariantGroup section */

/* Begin XCBuildConfiguration section */
		4341C37E24B101EE000932F0 /* Debug */ = {
			isa = XCBuildConfiguration;
			buildSettings = {
				ALWAYS_SEARCH_USER_PATHS = NO;
				CLANG_ANALYZER_NONNULL = YES;
				CLANG_ANALYZER_NUMBER_OBJECT_CONVERSION = YES_AGGRESSIVE;
				CLANG_CXX_LANGUAGE_STANDARD = "gnu++14";
				CLANG_CXX_LIBRARY = "libc++";
				CLANG_ENABLE_MODULES = YES;
				CLANG_ENABLE_OBJC_ARC = YES;
				CLANG_ENABLE_OBJC_WEAK = YES;
				CLANG_WARN_BLOCK_CAPTURE_AUTORELEASING = YES;
				CLANG_WARN_BOOL_CONVERSION = YES;
				CLANG_WARN_COMMA = YES;
				CLANG_WARN_CONSTANT_CONVERSION = YES;
				CLANG_WARN_DEPRECATED_OBJC_IMPLEMENTATIONS = YES;
				CLANG_WARN_DIRECT_OBJC_ISA_USAGE = YES_ERROR;
				CLANG_WARN_DOCUMENTATION_COMMENTS = YES;
				CLANG_WARN_EMPTY_BODY = YES;
				CLANG_WARN_ENUM_CONVERSION = YES;
				CLANG_WARN_INFINITE_RECURSION = YES;
				CLANG_WARN_INT_CONVERSION = YES;
				CLANG_WARN_NON_LITERAL_NULL_CONVERSION = YES;
				CLANG_WARN_OBJC_IMPLICIT_RETAIN_SELF = YES;
				CLANG_WARN_OBJC_LITERAL_CONVERSION = YES;
				CLANG_WARN_OBJC_ROOT_CLASS = YES_ERROR;
				CLANG_WARN_RANGE_LOOP_ANALYSIS = YES;
				CLANG_WARN_STRICT_PROTOTYPES = YES;
				CLANG_WARN_SUSPICIOUS_MOVE = YES;
				CLANG_WARN_UNGUARDED_AVAILABILITY = YES_AGGRESSIVE;
				CLANG_WARN_UNREACHABLE_CODE = YES;
				CLANG_WARN__DUPLICATE_METHOD_MATCH = YES;
				COPY_PHASE_STRIP = NO;
				DEBUG_INFORMATION_FORMAT = dwarf;
				ENABLE_STRICT_OBJC_MSGSEND = YES;
				ENABLE_TESTABILITY = YES;
				GCC_C_LANGUAGE_STANDARD = gnu11;
				GCC_DYNAMIC_NO_PIC = NO;
				GCC_NO_COMMON_BLOCKS = YES;
				GCC_OPTIMIZATION_LEVEL = 0;
				GCC_PREPROCESSOR_DEFINITIONS = (
					"DEBUG=1",
					"$(inherited)",
				);
				GCC_WARN_64_TO_32_BIT_CONVERSION = YES;
				GCC_WARN_ABOUT_RETURN_TYPE = YES_ERROR;
				GCC_WARN_UNDECLARED_SELECTOR = YES;
				GCC_WARN_UNINITIALIZED_AUTOS = YES_AGGRESSIVE;
				GCC_WARN_UNUSED_FUNCTION = YES;
				GCC_WARN_UNUSED_VARIABLE = YES;
				IPHONEOS_DEPLOYMENT_TARGET = 13.5;
				MTL_ENABLE_DEBUG_INFO = INCLUDE_SOURCE;
				MTL_FAST_MATH = YES;
				ONLY_ACTIVE_ARCH = YES;
				SDKROOT = iphoneos;
			};
			name = Debug;
		};
		4341C37F24B101EE000932F0 /* Release */ = {
			isa = XCBuildConfiguration;
			buildSettings = {
				ALWAYS_SEARCH_USER_PATHS = NO;
				CLANG_ANALYZER_NONNULL = YES;
				CLANG_ANALYZER_NUMBER_OBJECT_CONVERSION = YES_AGGRESSIVE;
				CLANG_CXX_LANGUAGE_STANDARD = "gnu++14";
				CLANG_CXX_LIBRARY = "libc++";
				CLANG_ENABLE_MODULES = YES;
				CLANG_ENABLE_OBJC_ARC = YES;
				CLANG_ENABLE_OBJC_WEAK = YES;
				CLANG_WARN_BLOCK_CAPTURE_AUTORELEASING = YES;
				CLANG_WARN_BOOL_CONVERSION = YES;
				CLANG_WARN_COMMA = YES;
				CLANG_WARN_CONSTANT_CONVERSION = YES;
				CLANG_WARN_DEPRECATED_OBJC_IMPLEMENTATIONS = YES;
				CLANG_WARN_DIRECT_OBJC_ISA_USAGE = YES_ERROR;
				CLANG_WARN_DOCUMENTATION_COMMENTS = YES;
				CLANG_WARN_EMPTY_BODY = YES;
				CLANG_WARN_ENUM_CONVERSION = YES;
				CLANG_WARN_INFINITE_RECURSION = YES;
				CLANG_WARN_INT_CONVERSION = YES;
				CLANG_WARN_NON_LITERAL_NULL_CONVERSION = YES;
				CLANG_WARN_OBJC_IMPLICIT_RETAIN_SELF = YES;
				CLANG_WARN_OBJC_LITERAL_CONVERSION = YES;
				CLANG_WARN_OBJC_ROOT_CLASS = YES_ERROR;
				CLANG_WARN_RANGE_LOOP_ANALYSIS = YES;
				CLANG_WARN_STRICT_PROTOTYPES = YES;
				CLANG_WARN_SUSPICIOUS_MOVE = YES;
				CLANG_WARN_UNGUARDED_AVAILABILITY = YES_AGGRESSIVE;
				CLANG_WARN_UNREACHABLE_CODE = YES;
				CLANG_WARN__DUPLICATE_METHOD_MATCH = YES;
				COPY_PHASE_STRIP = NO;
				DEBUG_INFORMATION_FORMAT = "dwarf-with-dsym";
				ENABLE_NS_ASSERTIONS = NO;
				ENABLE_STRICT_OBJC_MSGSEND = YES;
				GCC_C_LANGUAGE_STANDARD = gnu11;
				GCC_NO_COMMON_BLOCKS = YES;
				GCC_WARN_64_TO_32_BIT_CONVERSION = YES;
				GCC_WARN_ABOUT_RETURN_TYPE = YES_ERROR;
				GCC_WARN_UNDECLARED_SELECTOR = YES;
				GCC_WARN_UNINITIALIZED_AUTOS = YES_AGGRESSIVE;
				GCC_WARN_UNUSED_FUNCTION = YES;
				GCC_WARN_UNUSED_VARIABLE = YES;
				IPHONEOS_DEPLOYMENT_TARGET = 13.5;
				MTL_ENABLE_DEBUG_INFO = NO;
				MTL_FAST_MATH = YES;
				SDKROOT = iphoneos;
				VALIDATE_PRODUCT = YES;
			};
			name = Release;
		};
		4341C38124B101EE000932F0 /* Debug */ = {
			isa = XCBuildConfiguration;
			baseConfigurationReference = 83D1A7BBF8EB5DFF59CF59B5 /* Pods-Instagram.debug.xcconfig */;
			buildSettings = {
				ASSETCATALOG_COMPILER_APPICON_NAME = AppIcon;
				CODE_SIGN_STYLE = Automatic;
				DEVELOPMENT_TEAM = 7DF23RMRWS;
				INFOPLIST_FILE = Instagram/Info.plist;
				LD_RUNPATH_SEARCH_PATHS = (
					"$(inherited)",
					"@executable_path/Frameworks",
				);
				PRODUCT_BUNDLE_IDENTIFIER = codePath.twitter;
				PRODUCT_NAME = "$(TARGET_NAME)";
				TARGETED_DEVICE_FAMILY = "1,2";
			};
			name = Debug;
		};
		4341C38224B101EE000932F0 /* Release */ = {
			isa = XCBuildConfiguration;
			baseConfigurationReference = F6752A8C9ECE5B705B11B022 /* Pods-Instagram.release.xcconfig */;
			buildSettings = {
				ASSETCATALOG_COMPILER_APPICON_NAME = AppIcon;
				CODE_SIGN_STYLE = Automatic;
				DEVELOPMENT_TEAM = 7DF23RMRWS;
				INFOPLIST_FILE = Instagram/Info.plist;
				LD_RUNPATH_SEARCH_PATHS = (
					"$(inherited)",
					"@executable_path/Frameworks",
				);
				PRODUCT_BUNDLE_IDENTIFIER = codePath.twitter;
				PRODUCT_NAME = "$(TARGET_NAME)";
				TARGETED_DEVICE_FAMILY = "1,2";
			};
			name = Release;
		};
		4341C38424B101EE000932F0 /* Debug */ = {
			isa = XCBuildConfiguration;
			baseConfigurationReference = C9A08A96AED4ED3C2D0764D7 /* Pods-InstagramTests.debug.xcconfig */;
			buildSettings = {
				BUNDLE_LOADER = "$(TEST_HOST)";
				CODE_SIGN_STYLE = Automatic;
				DEVELOPMENT_TEAM = 7DF23RMRWS;
				INFOPLIST_FILE = InstagramTests/Info.plist;
				IPHONEOS_DEPLOYMENT_TARGET = 13.5;
				LD_RUNPATH_SEARCH_PATHS = (
					"$(inherited)",
					"@executable_path/Frameworks",
					"@loader_path/Frameworks",
				);
				PRODUCT_BUNDLE_IDENTIFIER = codePath.InstagramTests;
				PRODUCT_NAME = "$(TARGET_NAME)";
				TARGETED_DEVICE_FAMILY = "1,2";
				TEST_HOST = "$(BUILT_PRODUCTS_DIR)/Instagram.app/Instagram";
			};
			name = Debug;
		};
		4341C38524B101EE000932F0 /* Release */ = {
			isa = XCBuildConfiguration;
			baseConfigurationReference = A38560C53D3F8A0270EB59D3 /* Pods-InstagramTests.release.xcconfig */;
			buildSettings = {
				BUNDLE_LOADER = "$(TEST_HOST)";
				CODE_SIGN_STYLE = Automatic;
				DEVELOPMENT_TEAM = 7DF23RMRWS;
				INFOPLIST_FILE = InstagramTests/Info.plist;
				IPHONEOS_DEPLOYMENT_TARGET = 13.5;
				LD_RUNPATH_SEARCH_PATHS = (
					"$(inherited)",
					"@executable_path/Frameworks",
					"@loader_path/Frameworks",
				);
				PRODUCT_BUNDLE_IDENTIFIER = codePath.InstagramTests;
				PRODUCT_NAME = "$(TARGET_NAME)";
				TARGETED_DEVICE_FAMILY = "1,2";
				TEST_HOST = "$(BUILT_PRODUCTS_DIR)/Instagram.app/Instagram";
			};
			name = Release;
		};
		4341C38724B101EE000932F0 /* Debug */ = {
			isa = XCBuildConfiguration;
			baseConfigurationReference = 8125DF7692CC7C62680821CA /* Pods-Instagram-InstagramUITests.debug.xcconfig */;
			buildSettings = {
				CODE_SIGN_STYLE = Automatic;
				DEVELOPMENT_TEAM = 7DF23RMRWS;
				INFOPLIST_FILE = InstagramUITests/Info.plist;
				LD_RUNPATH_SEARCH_PATHS = (
					"$(inherited)",
					"@executable_path/Frameworks",
					"@loader_path/Frameworks",
				);
				PRODUCT_BUNDLE_IDENTIFIER = codePath.InstagramUITests;
				PRODUCT_NAME = "$(TARGET_NAME)";
				TARGETED_DEVICE_FAMILY = "1,2";
				TEST_TARGET_NAME = Instagram;
			};
			name = Debug;
		};
		4341C38824B101EE000932F0 /* Release */ = {
			isa = XCBuildConfiguration;
			baseConfigurationReference = E3DB04BAC3D8903CCB827477 /* Pods-Instagram-InstagramUITests.release.xcconfig */;
			buildSettings = {
				CODE_SIGN_STYLE = Automatic;
				DEVELOPMENT_TEAM = 7DF23RMRWS;
				INFOPLIST_FILE = InstagramUITests/Info.plist;
				LD_RUNPATH_SEARCH_PATHS = (
					"$(inherited)",
					"@executable_path/Frameworks",
					"@loader_path/Frameworks",
				);
				PRODUCT_BUNDLE_IDENTIFIER = codePath.InstagramUITests;
				PRODUCT_NAME = "$(TARGET_NAME)";
				TARGETED_DEVICE_FAMILY = "1,2";
				TEST_TARGET_NAME = Instagram;
			};
			name = Release;
		};
/* End XCBuildConfiguration section */

/* Begin XCConfigurationList section */
		4341C34C24B101ED000932F0 /* Build configuration list for PBXProject "Instagram" */ = {
			isa = XCConfigurationList;
			buildConfigurations = (
				4341C37E24B101EE000932F0 /* Debug */,
				4341C37F24B101EE000932F0 /* Release */,
			);
			defaultConfigurationIsVisible = 0;
			defaultConfigurationName = Release;
		};
		4341C38024B101EE000932F0 /* Build configuration list for PBXNativeTarget "Instagram" */ = {
			isa = XCConfigurationList;
			buildConfigurations = (
				4341C38124B101EE000932F0 /* Debug */,
				4341C38224B101EE000932F0 /* Release */,
			);
			defaultConfigurationIsVisible = 0;
			defaultConfigurationName = Release;
		};
		4341C38324B101EE000932F0 /* Build configuration list for PBXNativeTarget "InstagramTests" */ = {
			isa = XCConfigurationList;
			buildConfigurations = (
				4341C38424B101EE000932F0 /* Debug */,
				4341C38524B101EE000932F0 /* Release */,
			);
			defaultConfigurationIsVisible = 0;
			defaultConfigurationName = Release;
		};
		4341C38624B101EE000932F0 /* Build configuration list for PBXNativeTarget "InstagramUITests" */ = {
			isa = XCConfigurationList;
			buildConfigurations = (
				4341C38724B101EE000932F0 /* Debug */,
				4341C38824B101EE000932F0 /* Release */,
			);
			defaultConfigurationIsVisible = 0;
			defaultConfigurationName = Release;
		};
/* End XCConfigurationList section */
	};
	rootObject = 4341C34924B101ED000932F0 /* Project object */;
}
